
Microsoft Visual Studio Solution File, Format Version 12.00
# Visual Studio Version 16
VisualStudioVersion = 16.0.32126.315
MinimumVisualStudioVersion = 10.0.40219.1
Project("{FAE04EC0-301F-11D3-BF4B-00C04F79EFBC}") = "ProjekatSIMS", "ProjekatSIMS.csproj", "{824E90E3-5515-4BDC-BCEC-2E6DB39911F4}"
EndProject
Global
	GlobalSection(SolutionConfigurationPlatforms) = preSolution
		Debug|Any CPU = Debug|Any CPU
		Release|Any CPU = Release|Any CPU
	EndGlobalSection
	GlobalSection(ProjectConfigurationPlatforms) = postSolution
		{824E90E3-5515-4BDC-BCEC-2E6DB39911F4}.Debug|Any CPU.ActiveCfg = Debug|Any CPU
		{824E90E3-5515-4BDC-BCEC-2E6DB39911F4}.Debug|Any CPU.Build.0 = Debug|Any CPU
		{824E90E3-5515-4BDC-BCEC-2E6DB39911F4}.Release|Any CPU.ActiveCfg = Release|Any CPU
		{824E90E3-5515-4BDC-BCEC-2E6DB39911F4}.Release|Any CPU.Build.0 = Release|Any CPU
	EndGlobalSection
	GlobalSection(SolutionProperties) = preSolution
		HideSolutionNode = FALSE
	EndGlobalSection
	GlobalSection(ExtensibilityGlobals) = postSolution
		SolutionGuid = {1172A46F-9F8A-4A5D-8620-E1EC37E7115E}
	EndGlobalSection
EndGlobal
