Microsoft Visual Studio Solution File, Format Version 12.00
# Visual Studio Version 17
VisualStudioVersion = 17.1.32210.238
MinimumVisualStudioVersion = 10.0.40219.1
Project("{FAE04EC0-301F-11D3-BF4B-00C04F79EFBC}") = "KlasniDijagram", "KlasniDijagram.csproj", "{73B52618-912F-426E-8B1B-D85FF7E3EA0C}"
EndProject
Global
	GlobalSection(SolutionConfigurationPlatforms) = preSolution
		Debug|Any CPU = Debug|Any CPU
		Release|Any CPU = Release|Any CPU
	EndGlobalSection
	GlobalSection(ProjectConfigurationPlatforms) = postSolution
		{73B52618-912F-426E-8B1B-D85FF7E3EA0C}.Debug|Any CPU.ActiveCfg = Debug|Any CPU
		{73B52618-912F-426E-8B1B-D85FF7E3EA0C}.Debug|Any CPU.Build.0 = Debug|Any CPU
		{73B52618-912F-426E-8B1B-D85FF7E3EA0C}.Release|Any CPU.ActiveCfg = Release|Any CPU
		{73B52618-912F-426E-8B1B-D85FF7E3EA0C}.Release|Any CPU.Build.0 = Release|Any CPU
	EndGlobalSection
	GlobalSection(SolutionProperties) = preSolution
		HideSolutionNode = FALSE
	EndGlobalSection
	GlobalSection(ExtensibilityGlobals) = postSolution
		SolutionGuid = {8BDF4EBD-3686-42FB-AFAD-99F75BE57143}
	EndGlobalSection
EndGlobal
